// !$*UTF8*$!
{
	archiveVersion = 1;
	classes = {
	};
	objectVersion = 46;
	objects = {

/* Begin PBXBuildFile section */
		0382E057A99BACFDCC0CE6E0 /* libPods.a in Frameworks */ = {isa = PBXBuildFile; fileRef = EE7F1025D2CB449B1C841617 /* libPods.a */; };
		600CC1901B7CCB2900FCCE3A /* Artist.m in Sources */ = {isa = PBXBuildFile; fileRef = 600CC18F1B7CCB2900FCCE3A /* Artist.m */; };
		600CC1931B7CD1DC00FCCE3A /* ArtsyV2AuthRouter.m in Sources */ = {isa = PBXBuildFile; fileRef = 600CC1921B7CD1DC00FCCE3A /* ArtsyV2AuthRouter.m */; };
		600CC1951B7CE44E00FCCE3A /* InstagramCell.xib in Resources */ = {isa = PBXBuildFile; fileRef = 600CC1941B7CE44E00FCCE3A /* InstagramCell.xib */; };
		600CC1971B7CEF9900FCCE3A /* search_bg@2x.png in Resources */ = {isa = PBXBuildFile; fileRef = 600CC1961B7CEF9900FCCE3A /* search_bg@2x.png */; };
		600CC19A1B7CF53400FCCE3A /* ARScrollNavigationChief.m in Sources */ = {isa = PBXBuildFile; fileRef = 600CC1991B7CF53400FCCE3A /* ARScrollNavigationChief.m */; };
		600CC19C1B7CFAC700FCCE3A /* full_logo_white_small@2x.png in Resources */ = {isa = PBXBuildFile; fileRef = 600CC19B1B7CFAC700FCCE3A /* full_logo_white_small@2x.png */; };
		607B27721B7BC01000FE657D /* ARTagArtistFeedViewController.m in Sources */ = {isa = PBXBuildFile; fileRef = 607B27711B7BC01000FE657D /* ARTagArtistFeedViewController.m */; };
		607B27751B7BC04500FE657D /* APINetworkModel.m in Sources */ = {isa = PBXBuildFile; fileRef = 607B27741B7BC04500FE657D /* APINetworkModel.m */; };
		607B27781B7BC1A200FE657D /* Gram.m in Sources */ = {isa = PBXBuildFile; fileRef = 607B27771B7BC1A200FE657D /* Gram.m */; };
		607B277B1B7BC72400FE657D /* ARGramTableViewCell.m in Sources */ = {isa = PBXBuildFile; fileRef = 607B277A1B7BC72400FE657D /* ARGramTableViewCell.m */; };
		60B1370C1B7BBDE70081A522 /* main.m in Sources */ = {isa = PBXBuildFile; fileRef = 60B1370B1B7BBDE70081A522 /* main.m */; };
		60B1370F1B7BBDE70081A522 /* AppDelegate.m in Sources */ = {isa = PBXBuildFile; fileRef = 60B1370E1B7BBDE70081A522 /* AppDelegate.m */; };
		60B137151B7BBDE70081A522 /* Main.storyboard in Resources */ = {isa = PBXBuildFile; fileRef = 60B137131B7BBDE70081A522 /* Main.storyboard */; };
		60B137171B7BBDE70081A522 /* Images.xcassets in Resources */ = {isa = PBXBuildFile; fileRef = 60B137161B7BBDE70081A522 /* Images.xcassets */; };
		60B1371A1B7BBDE70081A522 /* LaunchScreen.xib in Resources */ = {isa = PBXBuildFile; fileRef = 60B137181B7BBDE70081A522 /* LaunchScreen.xib */; };
		60B137261B7BBDE70081A522 /* ArtsygramTests.m in Sources */ = {isa = PBXBuildFile; fileRef = 60B137251B7BBDE70081A522 /* ArtsygramTests.m */; };
		60FD88BA1B7BF542001DA78F /* Graph.png in Resources */ = {isa = PBXBuildFile; fileRef = 60FD88B91B7BF542001DA78F /* Graph.png */; };
		60FD88C01B7BFA7B001DA78F /* Tag.m in Sources */ = {isa = PBXBuildFile; fileRef = 60FD88BF1B7BFA7B001DA78F /* Tag.m */; };
		60FD88C41B7BFB3A001DA78F /* ARTagsViewController.m in Sources */ = {isa = PBXBuildFile; fileRef = 60FD88C31B7BFB3A001DA78F /* ARTagsViewController.m */; };
		60FD88C81B7C01AF001DA78F /* artist_split.png in Resources */ = {isa = PBXBuildFile; fileRef = 60FD88C71B7C01AF001DA78F /* artist_split.png */; };
		60FD88CA1B7C01D4001DA78F /* tag_split.png in Resources */ = {isa = PBXBuildFile; fileRef = 60FD88C91B7C01D4001DA78F /* tag_split.png */; };
		60FD88D51B7C19B3001DA78F /* BackArrow-Normal.png in Resources */ = {isa = PBXBuildFile; fileRef = 60FD88CB1B7C19B3001DA78F /* BackArrow-Normal.png */; };
		60FD88D61B7C19B3001DA78F /* BackArrow-Normal@2x.png in Resources */ = {isa = PBXBuildFile; fileRef = 60FD88CC1B7C19B3001DA78F /* BackArrow-Normal@2x.png */; };
		60FD88D71B7C19B3001DA78F /* BackArrow-Selected.png in Resources */ = {isa = PBXBuildFile; fileRef = 60FD88CD1B7C19B3001DA78F /* BackArrow-Selected.png */; };
		60FD88D81B7C19B3001DA78F /* BackArrow-Selected@2x.png in Resources */ = {isa = PBXBuildFile; fileRef = 60FD88CE1B7C19B3001DA78F /* BackArrow-Selected@2x.png */; };
		60FD88D91B7C19B3001DA78F /* Menu-Normal.png in Resources */ = {isa = PBXBuildFile; fileRef = 60FD88CF1B7C19B3001DA78F /* Menu-Normal.png */; };
		60FD88DA1B7C19B3001DA78F /* Menu-Normal@2x.png in Resources */ = {isa = PBXBuildFile; fileRef = 60FD88D01B7C19B3001DA78F /* Menu-Normal@2x.png */; };
		60FD88DB1B7C19B3001DA78F /* Menu-Selected.png in Resources */ = {isa = PBXBuildFile; fileRef = 60FD88D11B7C19B3001DA78F /* Menu-Selected.png */; };
		60FD88DC1B7C19B3001DA78F /* Menu-Selected@2x.png in Resources */ = {isa = PBXBuildFile; fileRef = 60FD88D21B7C19B3001DA78F /* Menu-Selected@2x.png */; };
		60FD88DD1B7C19B3001DA78F /* NavButtonBG.png in Resources */ = {isa = PBXBuildFile; fileRef = 60FD88D31B7C19B3001DA78F /* NavButtonBG.png */; };
		60FD88DE1B7C19B3001DA78F /* NavButtonBG@2x.png in Resources */ = {isa = PBXBuildFile; fileRef = 60FD88D41B7C19B3001DA78F /* NavButtonBG@2x.png */; };
		60FD88E11B7C1BD5001DA78F /* AppViewController.m in Sources */ = {isa = PBXBuildFile; fileRef = 60FD88E01B7C1BD5001DA78F /* AppViewController.m */; };
		60FD88E51B7C23AF001DA78F /* instagram_logo.png in Resources */ = {isa = PBXBuildFile; fileRef = 60FD88E21B7C23AF001DA78F /* instagram_logo.png */; };
		60FD88E61B7C23AF001DA78F /* instagram_comments.png in Resources */ = {isa = PBXBuildFile; fileRef = 60FD88E31B7C23AF001DA78F /* instagram_comments.png */; };
		60FD88E71B7C23AF001DA78F /* instagram_heart.png in Resources */ = {isa = PBXBuildFile; fileRef = 60FD88E41B7C23AF001DA78F /* instagram_heart.png */; };
/* End PBXBuildFile section */

/* Begin PBXContainerItemProxy section */
		60B137201B7BBDE70081A522 /* PBXContainerItemProxy */ = {
			isa = PBXContainerItemProxy;
			containerPortal = 60B136FE1B7BBDE70081A522 /* Project object */;
			proxyType = 1;
			remoteGlobalIDString = 60B137051B7BBDE70081A522;
			remoteInfo = Artsygram;
		};
/* End PBXContainerItemProxy section */

/* Begin PBXFileReference section */
		008D504C7B0DD7E6BD3F0DE6 /* Pods.release.xcconfig */ = {isa = PBXFileReference; includeInIndex = 1; lastKnownFileType = text.xcconfig; name = Pods.release.xcconfig; path = "Pods/Target Support Files/Pods/Pods.release.xcconfig"; sourceTree = "<group>"; };
		600CC18E1B7CCB2900FCCE3A /* Artist.h */ = {isa = PBXFileReference; fileEncoding = 4; lastKnownFileType = sourcecode.c.h; path = Artist.h; sourceTree = "<group>"; };
		600CC18F1B7CCB2900FCCE3A /* Artist.m */ = {isa = PBXFileReference; fileEncoding = 4; lastKnownFileType = sourcecode.c.objc; path = Artist.m; sourceTree = "<group>"; };
		600CC1911B7CD1DC00FCCE3A /* ArtsyV2AuthRouter.h */ = {isa = PBXFileReference; fileEncoding = 4; lastKnownFileType = sourcecode.c.h; path = ArtsyV2AuthRouter.h; sourceTree = "<group>"; };
		600CC1921B7CD1DC00FCCE3A /* ArtsyV2AuthRouter.m */ = {isa = PBXFileReference; fileEncoding = 4; lastKnownFileType = sourcecode.c.objc; path = ArtsyV2AuthRouter.m; sourceTree = "<group>"; };
		600CC1941B7CE44E00FCCE3A /* InstagramCell.xib */ = {isa = PBXFileReference; fileEncoding = 4; lastKnownFileType = file.xib; path = InstagramCell.xib; sourceTree = "<group>"; };
		600CC1961B7CEF9900FCCE3A /* search_bg@2x.png */ = {isa = PBXFileReference; lastKnownFileType = image.png; path = "search_bg@2x.png"; sourceTree = "<group>"; };
		600CC1981B7CF53400FCCE3A /* ARScrollNavigationChief.h */ = {isa = PBXFileReference; fileEncoding = 4; lastKnownFileType = sourcecode.c.h; path = ARScrollNavigationChief.h; sourceTree = "<group>"; };
		600CC1991B7CF53400FCCE3A /* ARScrollNavigationChief.m */ = {isa = PBXFileReference; fileEncoding = 4; lastKnownFileType = sourcecode.c.objc; path = ARScrollNavigationChief.m; sourceTree = "<group>"; };
		600CC19B1B7CFAC700FCCE3A /* full_logo_white_small@2x.png */ = {isa = PBXFileReference; lastKnownFileType = image.png; path = "full_logo_white_small@2x.png"; sourceTree = "<group>"; };
		607B27701B7BC01000FE657D /* ARTagArtistFeedViewController.h */ = {isa = PBXFileReference; fileEncoding = 4; lastKnownFileType = sourcecode.c.h; path = ARTagArtistFeedViewController.h; sourceTree = "<group>"; };
		607B27711B7BC01000FE657D /* ARTagArtistFeedViewController.m */ = {isa = PBXFileReference; fileEncoding = 4; lastKnownFileType = sourcecode.c.objc; path = ARTagArtistFeedViewController.m; sourceTree = "<group>"; };
		607B27731B7BC04500FE657D /* APINetworkModel.h */ = {isa = PBXFileReference; fileEncoding = 4; lastKnownFileType = sourcecode.c.h; path = APINetworkModel.h; sourceTree = "<group>"; };
		607B27741B7BC04500FE657D /* APINetworkModel.m */ = {isa = PBXFileReference; fileEncoding = 4; lastKnownFileType = sourcecode.c.objc; path = APINetworkModel.m; sourceTree = "<group>"; };
		607B27761B7BC1A200FE657D /* Gram.h */ = {isa = PBXFileReference; fileEncoding = 4; lastKnownFileType = sourcecode.c.h; path = Gram.h; sourceTree = "<group>"; };
		607B27771B7BC1A200FE657D /* Gram.m */ = {isa = PBXFileReference; fileEncoding = 4; lastKnownFileType = sourcecode.c.objc; path = Gram.m; sourceTree = "<group>"; };
		607B27791B7BC72400FE657D /* ARGramTableViewCell.h */ = {isa = PBXFileReference; fileEncoding = 4; lastKnownFileType = sourcecode.c.h; path = ARGramTableViewCell.h; sourceTree = "<group>"; };
		607B277A1B7BC72400FE657D /* ARGramTableViewCell.m */ = {isa = PBXFileReference; fileEncoding = 4; lastKnownFileType = sourcecode.c.objc; path = ARGramTableViewCell.m; sourceTree = "<group>"; };
		60B137061B7BBDE70081A522 /* Artsygram.app */ = {isa = PBXFileReference; explicitFileType = wrapper.application; includeInIndex = 0; path = Artsygram.app; sourceTree = BUILT_PRODUCTS_DIR; };
		60B1370A1B7BBDE70081A522 /* Info.plist */ = {isa = PBXFileReference; lastKnownFileType = text.plist.xml; path = Info.plist; sourceTree = "<group>"; };
		60B1370B1B7BBDE70081A522 /* main.m */ = {isa = PBXFileReference; lastKnownFileType = sourcecode.c.objc; path = main.m; sourceTree = "<group>"; };
		60B1370D1B7BBDE70081A522 /* AppDelegate.h */ = {isa = PBXFileReference; lastKnownFileType = sourcecode.c.h; path = AppDelegate.h; sourceTree = "<group>"; };
		60B1370E1B7BBDE70081A522 /* AppDelegate.m */ = {isa = PBXFileReference; lastKnownFileType = sourcecode.c.objc; path = AppDelegate.m; sourceTree = "<group>"; };
		60B137141B7BBDE70081A522 /* Base */ = {isa = PBXFileReference; lastKnownFileType = file.storyboard; name = Base; path = Base.lproj/Main.storyboard; sourceTree = "<group>"; };
		60B137161B7BBDE70081A522 /* Images.xcassets */ = {isa = PBXFileReference; lastKnownFileType = folder.assetcatalog; path = Images.xcassets; sourceTree = "<group>"; };
		60B137191B7BBDE70081A522 /* Base */ = {isa = PBXFileReference; lastKnownFileType = file.xib; name = Base; path = Base.lproj/LaunchScreen.xib; sourceTree = "<group>"; };
		60B1371F1B7BBDE70081A522 /* ArtsygramTests.xctest */ = {isa = PBXFileReference; explicitFileType = wrapper.cfbundle; includeInIndex = 0; path = ArtsygramTests.xctest; sourceTree = BUILT_PRODUCTS_DIR; };
		60B137241B7BBDE70081A522 /* Info.plist */ = {isa = PBXFileReference; lastKnownFileType = text.plist.xml; path = Info.plist; sourceTree = "<group>"; };
		60B137251B7BBDE70081A522 /* ArtsygramTests.m */ = {isa = PBXFileReference; lastKnownFileType = sourcecode.c.objc; path = ArtsygramTests.m; sourceTree = "<group>"; };
		60FD88B91B7BF542001DA78F /* Graph.png */ = {isa = PBXFileReference; lastKnownFileType = image.png; path = Graph.png; sourceTree = "<group>"; };
		60FD88BE1B7BFA7B001DA78F /* Tag.h */ = {isa = PBXFileReference; fileEncoding = 4; lastKnownFileType = sourcecode.c.h; path = Tag.h; sourceTree = "<group>"; };
		60FD88BF1B7BFA7B001DA78F /* Tag.m */ = {isa = PBXFileReference; fileEncoding = 4; lastKnownFileType = sourcecode.c.objc; path = Tag.m; sourceTree = "<group>"; };
		60FD88C21B7BFB3A001DA78F /* ARTagsViewController.h */ = {isa = PBXFileReference; fileEncoding = 4; lastKnownFileType = sourcecode.c.h; path = ARTagsViewController.h; sourceTree = "<group>"; };
		60FD88C31B7BFB3A001DA78F /* ARTagsViewController.m */ = {isa = PBXFileReference; fileEncoding = 4; lastKnownFileType = sourcecode.c.objc; path = ARTagsViewController.m; sourceTree = "<group>"; };
		60FD88C71B7C01AF001DA78F /* artist_split.png */ = {isa = PBXFileReference; lastKnownFileType = image.png; path = artist_split.png; sourceTree = "<group>"; };
		60FD88C91B7C01D4001DA78F /* tag_split.png */ = {isa = PBXFileReference; lastKnownFileType = image.png; path = tag_split.png; sourceTree = "<group>"; };
		60FD88CB1B7C19B3001DA78F /* BackArrow-Normal.png */ = {isa = PBXFileReference; lastKnownFileType = image.png; path = "BackArrow-Normal.png"; sourceTree = "<group>"; };
		60FD88CC1B7C19B3001DA78F /* BackArrow-Normal@2x.png */ = {isa = PBXFileReference; lastKnownFileType = image.png; path = "BackArrow-Normal@2x.png"; sourceTree = "<group>"; };
		60FD88CD1B7C19B3001DA78F /* BackArrow-Selected.png */ = {isa = PBXFileReference; lastKnownFileType = image.png; path = "BackArrow-Selected.png"; sourceTree = "<group>"; };
		60FD88CE1B7C19B3001DA78F /* BackArrow-Selected@2x.png */ = {isa = PBXFileReference; lastKnownFileType = image.png; path = "BackArrow-Selected@2x.png"; sourceTree = "<group>"; };
		60FD88CF1B7C19B3001DA78F /* Menu-Normal.png */ = {isa = PBXFileReference; lastKnownFileType = image.png; path = "Menu-Normal.png"; sourceTree = "<group>"; };
		60FD88D01B7C19B3001DA78F /* Menu-Normal@2x.png */ = {isa = PBXFileReference; lastKnownFileType = image.png; path = "Menu-Normal@2x.png"; sourceTree = "<group>"; };
		60FD88D11B7C19B3001DA78F /* Menu-Selected.png */ = {isa = PBXFileReference; lastKnownFileType = image.png; path = "Menu-Selected.png"; sourceTree = "<group>"; };
		60FD88D21B7C19B3001DA78F /* Menu-Selected@2x.png */ = {isa = PBXFileReference; lastKnownFileType = image.png; path = "Menu-Selected@2x.png"; sourceTree = "<group>"; };
		60FD88D31B7C19B3001DA78F /* NavButtonBG.png */ = {isa = PBXFileReference; lastKnownFileType = image.png; path = NavButtonBG.png; sourceTree = "<group>"; };
		60FD88D41B7C19B3001DA78F /* NavButtonBG@2x.png */ = {isa = PBXFileReference; lastKnownFileType = image.png; path = "NavButtonBG@2x.png"; sourceTree = "<group>"; };
		60FD88DF1B7C1BD5001DA78F /* AppViewController.h */ = {isa = PBXFileReference; fileEncoding = 4; lastKnownFileType = sourcecode.c.h; path = AppViewController.h; sourceTree = "<group>"; };
		60FD88E01B7C1BD5001DA78F /* AppViewController.m */ = {isa = PBXFileReference; fileEncoding = 4; lastKnownFileType = sourcecode.c.objc; path = AppViewController.m; sourceTree = "<group>"; };
		60FD88E21B7C23AF001DA78F /* instagram_logo.png */ = {isa = PBXFileReference; lastKnownFileType = image.png; path = instagram_logo.png; sourceTree = "<group>"; };
		60FD88E31B7C23AF001DA78F /* instagram_comments.png */ = {isa = PBXFileReference; lastKnownFileType = image.png; path = instagram_comments.png; sourceTree = "<group>"; };
		60FD88E41B7C23AF001DA78F /* instagram_heart.png */ = {isa = PBXFileReference; lastKnownFileType = image.png; path = instagram_heart.png; sourceTree = "<group>"; };
		B3126C21E9C525DBEC670A56 /* Pods.debug.xcconfig */ = {isa = PBXFileReference; includeInIndex = 1; lastKnownFileType = text.xcconfig; name = Pods.debug.xcconfig; path = "Pods/Target Support Files/Pods/Pods.debug.xcconfig"; sourceTree = "<group>"; };
		EE7F1025D2CB449B1C841617 /* libPods.a */ = {isa = PBXFileReference; explicitFileType = archive.ar; includeInIndex = 0; path = libPods.a; sourceTree = BUILT_PRODUCTS_DIR; };
/* End PBXFileReference section */

/* Begin PBXFrameworksBuildPhase section */
		60B137031B7BBDE70081A522 /* Frameworks */ = {
			isa = PBXFrameworksBuildPhase;
			buildActionMask = 2147483647;
			files = (
				0382E057A99BACFDCC0CE6E0 /* libPods.a in Frameworks */,
			);
			runOnlyForDeploymentPostprocessing = 0;
		};
		60B1371C1B7BBDE70081A522 /* Frameworks */ = {
			isa = PBXFrameworksBuildPhase;
			buildActionMask = 2147483647;
			files = (
			);
			runOnlyForDeploymentPostprocessing = 0;
		};
/* End PBXFrameworksBuildPhase section */

/* Begin PBXGroup section */
		063380B00A695D540DC8B3A6 /* Frameworks */ = {
			isa = PBXGroup;
			children = (
				EE7F1025D2CB449B1C841617 /* libPods.a */,
			);
			name = Frameworks;
			sourceTree = "<group>";
		};
		60B136FD1B7BBDE70081A522 = {
			isa = PBXGroup;
			children = (
				60B137081B7BBDE70081A522 /* Artsygram */,
				60B137221B7BBDE70081A522 /* ArtsygramTests */,
				60B137071B7BBDE70081A522 /* Products */,
				D781666930B0C8C9386B029C /* Pods */,
				063380B00A695D540DC8B3A6 /* Frameworks */,
			);
			sourceTree = "<group>";
		};
		60B137071B7BBDE70081A522 /* Products */ = {
			isa = PBXGroup;
			children = (
				60B137061B7BBDE70081A522 /* Artsygram.app */,
				60B1371F1B7BBDE70081A522 /* ArtsygramTests.xctest */,
			);
			name = Products;
			sourceTree = "<group>";
		};
		60B137081B7BBDE70081A522 /* Artsygram */ = {
			isa = PBXGroup;
			children = (
				60FD88C11B7BFAB6001DA78F /* models */,
				60B1370D1B7BBDE70081A522 /* AppDelegate.h */,
				60B1370E1B7BBDE70081A522 /* AppDelegate.m */,
				60B137131B7BBDE70081A522 /* Main.storyboard */,
				60B137161B7BBDE70081A522 /* Images.xcassets */,
				60B137181B7BBDE70081A522 /* LaunchScreen.xib */,
				60B137091B7BBDE70081A522 /* Supporting Files */,
				607B27701B7BC01000FE657D /* ARTagArtistFeedViewController.h */,
				607B27711B7BC01000FE657D /* ARTagArtistFeedViewController.m */,
				607B27731B7BC04500FE657D /* APINetworkModel.h */,
				607B27741B7BC04500FE657D /* APINetworkModel.m */,
				607B27791B7BC72400FE657D /* ARGramTableViewCell.h */,
				607B277A1B7BC72400FE657D /* ARGramTableViewCell.m */,
				60FD88C21B7BFB3A001DA78F /* ARTagsViewController.h */,
				60FD88C31B7BFB3A001DA78F /* ARTagsViewController.m */,
				60FD88DF1B7C1BD5001DA78F /* AppViewController.h */,
				60FD88E01B7C1BD5001DA78F /* AppViewController.m */,
				600CC1911B7CD1DC00FCCE3A /* ArtsyV2AuthRouter.h */,
				600CC1921B7CD1DC00FCCE3A /* ArtsyV2AuthRouter.m */,
				600CC1941B7CE44E00FCCE3A /* InstagramCell.xib */,
			);
			path = Artsygram;
			sourceTree = "<group>";
		};
		60B137091B7BBDE70081A522 /* Supporting Files */ = {
			isa = PBXGroup;
			children = (
				600CC19B1B7CFAC700FCCE3A /* full_logo_white_small@2x.png */,
				60FD88E21B7C23AF001DA78F /* instagram_logo.png */,
				60FD88E31B7C23AF001DA78F /* instagram_comments.png */,
				60FD88E41B7C23AF001DA78F /* instagram_heart.png */,
				60FD88CB1B7C19B3001DA78F /* BackArrow-Normal.png */,
				60FD88CC1B7C19B3001DA78F /* BackArrow-Normal@2x.png */,
				60FD88CD1B7C19B3001DA78F /* BackArrow-Selected.png */,
				60FD88CE1B7C19B3001DA78F /* BackArrow-Selected@2x.png */,
				60FD88CF1B7C19B3001DA78F /* Menu-Normal.png */,
				60FD88D01B7C19B3001DA78F /* Menu-Normal@2x.png */,
				60FD88D11B7C19B3001DA78F /* Menu-Selected.png */,
				60FD88D21B7C19B3001DA78F /* Menu-Selected@2x.png */,
				60FD88D31B7C19B3001DA78F /* NavButtonBG.png */,
				60FD88D41B7C19B3001DA78F /* NavButtonBG@2x.png */,
				600CC1961B7CEF9900FCCE3A /* search_bg@2x.png */,
				60FD88C91B7C01D4001DA78F /* tag_split.png */,
				60FD88C71B7C01AF001DA78F /* artist_split.png */,
				60FD88B91B7BF542001DA78F /* Graph.png */,
				60B1370A1B7BBDE70081A522 /* Info.plist */,
				60B1370B1B7BBDE70081A522 /* main.m */,
			);
			name = "Supporting Files";
			sourceTree = "<group>";
		};
		60B137221B7BBDE70081A522 /* ArtsygramTests */ = {
			isa = PBXGroup;
			children = (
				60B137251B7BBDE70081A522 /* ArtsygramTests.m */,
				60B137231B7BBDE70081A522 /* Supporting Files */,
			);
			path = ArtsygramTests;
			sourceTree = "<group>";
		};
		60B137231B7BBDE70081A522 /* Supporting Files */ = {
			isa = PBXGroup;
			children = (
				60B137241B7BBDE70081A522 /* Info.plist */,
			);
			name = "Supporting Files";
			sourceTree = "<group>";
		};
		60FD88C11B7BFAB6001DA78F /* models */ = {
			isa = PBXGroup;
			children = (
				600CC1981B7CF53400FCCE3A /* ARScrollNavigationChief.h */,
				600CC1991B7CF53400FCCE3A /* ARScrollNavigationChief.m */,
				607B27761B7BC1A200FE657D /* Gram.h */,
				607B27771B7BC1A200FE657D /* Gram.m */,
				60FD88BE1B7BFA7B001DA78F /* Tag.h */,
				60FD88BF1B7BFA7B001DA78F /* Tag.m */,
				600CC18E1B7CCB2900FCCE3A /* Artist.h */,
				600CC18F1B7CCB2900FCCE3A /* Artist.m */,
			);
			name = models;
			sourceTree = "<group>";
		};
		D781666930B0C8C9386B029C /* Pods */ = {
			isa = PBXGroup;
			children = (
				B3126C21E9C525DBEC670A56 /* Pods.debug.xcconfig */,
				008D504C7B0DD7E6BD3F0DE6 /* Pods.release.xcconfig */,
			);
			name = Pods;
			sourceTree = "<group>";
		};
/* End PBXGroup section */

/* Begin PBXNativeTarget section */
		60B137051B7BBDE70081A522 /* Artsygram */ = {
			isa = PBXNativeTarget;
			buildConfigurationList = 60B137291B7BBDE70081A522 /* Build configuration list for PBXNativeTarget "Artsygram" */;
			buildPhases = (
				36E158B105C32BC907D3F0BE /* Check Pods Manifest.lock */,
				60B137021B7BBDE70081A522 /* Sources */,
				60B137031B7BBDE70081A522 /* Frameworks */,
				60B137041B7BBDE70081A522 /* Resources */,
				59DD5C3043E15573C9982642 /* Copy Pods Resources */,
			);
			buildRules = (
			);
			dependencies = (
			);
			name = Artsygram;
			productName = Artsygram;
			productReference = 60B137061B7BBDE70081A522 /* Artsygram.app */;
			productType = "com.apple.product-type.application";
		};
		60B1371E1B7BBDE70081A522 /* ArtsygramTests */ = {
			isa = PBXNativeTarget;
			buildConfigurationList = 60B1372C1B7BBDE70081A522 /* Build configuration list for PBXNativeTarget "ArtsygramTests" */;
			buildPhases = (
				60B1371B1B7BBDE70081A522 /* Sources */,
				60B1371C1B7BBDE70081A522 /* Frameworks */,
				60B1371D1B7BBDE70081A522 /* Resources */,
			);
			buildRules = (
			);
			dependencies = (
				60B137211B7BBDE70081A522 /* PBXTargetDependency */,
			);
			name = ArtsygramTests;
			productName = ArtsygramTests;
			productReference = 60B1371F1B7BBDE70081A522 /* ArtsygramTests.xctest */;
			productType = "com.apple.product-type.bundle.unit-test";
		};
/* End PBXNativeTarget section */

/* Begin PBXProject section */
		60B136FE1B7BBDE70081A522 /* Project object */ = {
			isa = PBXProject;
			attributes = {
				LastUpgradeCheck = 0640;
				ORGANIZATIONNAME = "Orta Therox";
				TargetAttributes = {
					60B137051B7BBDE70081A522 = {
						CreatedOnToolsVersion = 6.4;
					};
					60B1371E1B7BBDE70081A522 = {
						CreatedOnToolsVersion = 6.4;
						TestTargetID = 60B137051B7BBDE70081A522;
					};
				};
			};
			buildConfigurationList = 60B137011B7BBDE70081A522 /* Build configuration list for PBXProject "Artsygram" */;
			compatibilityVersion = "Xcode 3.2";
			developmentRegion = English;
			hasScannedForEncodings = 0;
			knownRegions = (
				en,
				Base,
			);
			mainGroup = 60B136FD1B7BBDE70081A522;
			productRefGroup = 60B137071B7BBDE70081A522 /* Products */;
			projectDirPath = "";
			projectRoot = "";
			targets = (
				60B137051B7BBDE70081A522 /* Artsygram */,
				60B1371E1B7BBDE70081A522 /* ArtsygramTests */,
			);
		};
/* End PBXProject section */

/* Begin PBXResourcesBuildPhase section */
		60B137041B7BBDE70081A522 /* Resources */ = {
			isa = PBXResourcesBuildPhase;
			buildActionMask = 2147483647;
			files = (
				60FD88E71B7C23AF001DA78F /* instagram_heart.png in Resources */,
				60B137151B7BBDE70081A522 /* Main.storyboard in Resources */,
				60FD88D71B7C19B3001DA78F /* BackArrow-Selected.png in Resources */,
				60B1371A1B7BBDE70081A522 /* LaunchScreen.xib in Resources */,
				60FD88E61B7C23AF001DA78F /* instagram_comments.png in Resources */,
				60FD88D51B7C19B3001DA78F /* BackArrow-Normal.png in Resources */,
				60FD88CA1B7C01D4001DA78F /* tag_split.png in Resources */,
				60FD88DB1B7C19B3001DA78F /* Menu-Selected.png in Resources */,
				60FD88DD1B7C19B3001DA78F /* NavButtonBG.png in Resources */,
				60FD88BA1B7BF542001DA78F /* Graph.png in Resources */,
				60FD88DA1B7C19B3001DA78F /* Menu-Normal@2x.png in Resources */,
				600CC1971B7CEF9900FCCE3A /* search_bg@2x.png in Resources */,
				60FD88DE1B7C19B3001DA78F /* NavButtonBG@2x.png in Resources */,
				60B137171B7BBDE70081A522 /* Images.xcassets in Resources */,
				60FD88D91B7C19B3001DA78F /* Menu-Normal.png in Resources */,
				60FD88D61B7C19B3001DA78F /* BackArrow-Normal@2x.png in Resources */,
				60FD88D81B7C19B3001DA78F /* BackArrow-Selected@2x.png in Resources */,
				600CC1951B7CE44E00FCCE3A /* InstagramCell.xib in Resources */,
				60FD88DC1B7C19B3001DA78F /* Menu-Selected@2x.png in Resources */,
				60FD88C81B7C01AF001DA78F /* artist_split.png in Resources */,
				600CC19C1B7CFAC700FCCE3A /* full_logo_white_small@2x.png in Resources */,
				60FD88E51B7C23AF001DA78F /* instagram_logo.png in Resources */,
			);
			runOnlyForDeploymentPostprocessing = 0;
		};
		60B1371D1B7BBDE70081A522 /* Resources */ = {
			isa = PBXResourcesBuildPhase;
			buildActionMask = 2147483647;
			files = (
			);
			runOnlyForDeploymentPostprocessing = 0;
		};
/* End PBXResourcesBuildPhase section */

/* Begin PBXShellScriptBuildPhase section */
		36E158B105C32BC907D3F0BE /* Check Pods Manifest.lock */ = {
			isa = PBXShellScriptBuildPhase;
			buildActionMask = 2147483647;
			files = (
			);
			inputPaths = (
			);
			name = "Check Pods Manifest.lock";
			outputPaths = (
			);
			runOnlyForDeploymentPostprocessing = 0;
			shellPath = /bin/sh;
			shellScript = "diff \"${PODS_ROOT}/../Podfile.lock\" \"${PODS_ROOT}/Manifest.lock\" > /dev/null\nif [[ $? != 0 ]] ; then\n    cat << EOM\nerror: The sandbox is not in sync with the Podfile.lock. Run 'pod install' or update your CocoaPods installation.\nEOM\n    exit 1\nfi\n";
			showEnvVarsInLog = 0;
		};
		59DD5C3043E15573C9982642 /* Copy Pods Resources */ = {
			isa = PBXShellScriptBuildPhase;
			buildActionMask = 2147483647;
			files = (
			);
			inputPaths = (
			);
			name = "Copy Pods Resources";
			outputPaths = (
			);
			runOnlyForDeploymentPostprocessing = 0;
			shellPath = /bin/sh;
			shellScript = "\"${SRCROOT}/Pods/Target Support Files/Pods/Pods-resources.sh\"\n";
			showEnvVarsInLog = 0;
		};
/* End PBXShellScriptBuildPhase section */

/* Begin PBXSourcesBuildPhase section */
		60B137021B7BBDE70081A522 /* Sources */ = {
			isa = PBXSourcesBuildPhase;
			buildActionMask = 2147483647;
			files = (
				607B27781B7BC1A200FE657D /* Gram.m in Sources */,
				60FD88E11B7C1BD5001DA78F /* AppViewController.m in Sources */,
				60B1370F1B7BBDE70081A522 /* AppDelegate.m in Sources */,
				60FD88C41B7BFB3A001DA78F /* ARTagsViewController.m in Sources */,
				600CC1901B7CCB2900FCCE3A /* Artist.m in Sources */,
				600CC1931B7CD1DC00FCCE3A /* ArtsyV2AuthRouter.m in Sources */,
				607B27751B7BC04500FE657D /* APINetworkModel.m in Sources */,
				60FD88C01B7BFA7B001DA78F /* Tag.m in Sources */,
				607B277B1B7BC72400FE657D /* ARGramTableViewCell.m in Sources */,
				600CC19A1B7CF53400FCCE3A /* ARScrollNavigationChief.m in Sources */,
				607B27721B7BC01000FE657D /* ARTagArtistFeedViewController.m in Sources */,
				60B1370C1B7BBDE70081A522 /* main.m in Sources */,
			);
			runOnlyForDeploymentPostprocessing = 0;
		};
		60B1371B1B7BBDE70081A522 /* Sources */ = {
			isa = PBXSourcesBuildPhase;
			buildActionMask = 2147483647;
			files = (
				60B137261B7BBDE70081A522 /* ArtsygramTests.m in Sources */,
			);
			runOnlyForDeploymentPostprocessing = 0;
		};
/* End PBXSourcesBuildPhase section */

/* Begin PBXTargetDependency section */
		60B137211B7BBDE70081A522 /* PBXTargetDependency */ = {
			isa = PBXTargetDependency;
			target = 60B137051B7BBDE70081A522 /* Artsygram */;
			targetProxy = 60B137201B7BBDE70081A522 /* PBXContainerItemProxy */;
		};
/* End PBXTargetDependency section */

/* Begin PBXVariantGroup section */
		60B137131B7BBDE70081A522 /* Main.storyboard */ = {
			isa = PBXVariantGroup;
			children = (
				60B137141B7BBDE70081A522 /* Base */,
			);
			name = Main.storyboard;
			sourceTree = "<group>";
		};
		60B137181B7BBDE70081A522 /* LaunchScreen.xib */ = {
			isa = PBXVariantGroup;
			children = (
				60B137191B7BBDE70081A522 /* Base */,
			);
			name = LaunchScreen.xib;
			sourceTree = "<group>";
		};
/* End PBXVariantGroup section */

/* Begin XCBuildConfiguration section */
		60B137271B7BBDE70081A522 /* Debug */ = {
			isa = XCBuildConfiguration;
			buildSettings = {
				ALWAYS_SEARCH_USER_PATHS = NO;
				CLANG_CXX_LANGUAGE_STANDARD = "gnu++0x";
				CLANG_CXX_LIBRARY = "libc++";
				CLANG_ENABLE_MODULES = YES;
				CLANG_ENABLE_OBJC_ARC = YES;
				CLANG_WARN_BOOL_CONVERSION = YES;
				CLANG_WARN_CONSTANT_CONVERSION = YES;
				CLANG_WARN_DIRECT_OBJC_ISA_USAGE = YES_ERROR;
				CLANG_WARN_EMPTY_BODY = YES;
				CLANG_WARN_ENUM_CONVERSION = YES;
				CLANG_WARN_INT_CONVERSION = YES;
				CLANG_WARN_OBJC_ROOT_CLASS = YES_ERROR;
				CLANG_WARN_UNREACHABLE_CODE = YES;
				CLANG_WARN__DUPLICATE_METHOD_MATCH = YES;
				"CODE_SIGN_IDENTITY[sdk=iphoneos*]" = "iPhone Developer";
				COPY_PHASE_STRIP = NO;
				DEBUG_INFORMATION_FORMAT = "dwarf-with-dsym";
				ENABLE_STRICT_OBJC_MSGSEND = YES;
				GCC_C_LANGUAGE_STANDARD = gnu99;
				GCC_DYNAMIC_NO_PIC = NO;
				GCC_NO_COMMON_BLOCKS = YES;
				GCC_OPTIMIZATION_LEVEL = 0;
				GCC_PREPROCESSOR_DEFINITIONS = (
					"DEBUG=1",
					"$(inherited)",
				);
				GCC_SYMBOLS_PRIVATE_EXTERN = NO;
				GCC_WARN_64_TO_32_BIT_CONVERSION = YES;
				GCC_WARN_ABOUT_RETURN_TYPE = YES_ERROR;
				GCC_WARN_UNDECLARED_SELECTOR = YES;
				GCC_WARN_UNINITIALIZED_AUTOS = YES_AGGRESSIVE;
				GCC_WARN_UNUSED_FUNCTION = YES;
				GCC_WARN_UNUSED_VARIABLE = YES;
				IPHONEOS_DEPLOYMENT_TARGET = 8.3;
				MTL_ENABLE_DEBUG_INFO = YES;
				ONLY_ACTIVE_ARCH = YES;
				SDKROOT = iphoneos;
			};
			name = Debug;
		};
		60B137281B7BBDE70081A522 /* Release */ = {
			isa = XCBuildConfiguration;
			buildSettings = {
				ALWAYS_SEARCH_USER_PATHS = NO;
				CLANG_CXX_LANGUAGE_STANDARD = "gnu++0x";
				CLANG_CXX_LIBRARY = "libc++";
				CLANG_ENABLE_MODULES = YES;
				CLANG_ENABLE_OBJC_ARC = YES;
				CLANG_WARN_BOOL_CONVERSION = YES;
				CLANG_WARN_CONSTANT_CONVERSION = YES;
				CLANG_WARN_DIRECT_OBJC_ISA_USAGE = YES_ERROR;
				CLANG_WARN_EMPTY_BODY = YES;
				CLANG_WARN_ENUM_CONVERSION = YES;
				CLANG_WARN_INT_CONVERSION = YES;
				CLANG_WARN_OBJC_ROOT_CLASS = YES_ERROR;
				CLANG_WARN_UNREACHABLE_CODE = YES;
				CLANG_WARN__DUPLICATE_METHOD_MATCH = YES;
				"CODE_SIGN_IDENTITY[sdk=iphoneos*]" = "iPhone Developer";
				COPY_PHASE_STRIP = NO;
				DEBUG_INFORMATION_FORMAT = "dwarf-with-dsym";
				ENABLE_NS_ASSERTIONS = NO;
				ENABLE_STRICT_OBJC_MSGSEND = YES;
				GCC_C_LANGUAGE_STANDARD = gnu99;
				GCC_NO_COMMON_BLOCKS = YES;
				GCC_WARN_64_TO_32_BIT_CONVERSION = YES;
				GCC_WARN_ABOUT_RETURN_TYPE = YES_ERROR;
				GCC_WARN_UNDECLARED_SELECTOR = YES;
				GCC_WARN_UNINITIALIZED_AUTOS = YES_AGGRESSIVE;
				GCC_WARN_UNUSED_FUNCTION = YES;
				GCC_WARN_UNUSED_VARIABLE = YES;
				IPHONEOS_DEPLOYMENT_TARGET = 8.3;
				MTL_ENABLE_DEBUG_INFO = NO;
				SDKROOT = iphoneos;
				VALIDATE_PRODUCT = YES;
			};
			name = Release;
		};
		60B1372A1B7BBDE70081A522 /* Debug */ = {
			isa = XCBuildConfiguration;
			baseConfigurationReference = B3126C21E9C525DBEC670A56 /* Pods.debug.xcconfig */;
			buildSettings = {
				ASSETCATALOG_COMPILER_APPICON_NAME = AppIcon;
				INFOPLIST_FILE = Artsygram/Info.plist;
				IPHONEOS_DEPLOYMENT_TARGET = 8.3;
				LD_RUNPATH_SEARCH_PATHS = "$(inherited) @executable_path/Frameworks";
				PRODUCT_NAME = "$(TARGET_NAME)";
			};
			name = Debug;
		};
		60B1372B1B7BBDE70081A522 /* Release */ = {
			isa = XCBuildConfiguration;
			baseConfigurationReference = 008D504C7B0DD7E6BD3F0DE6 /* Pods.release.xcconfig */;
			buildSettings = {
				ASSETCATALOG_COMPILER_APPICON_NAME = AppIcon;
				INFOPLIST_FILE = Artsygram/Info.plist;
				IPHONEOS_DEPLOYMENT_TARGET = 8.3;
				LD_RUNPATH_SEARCH_PATHS = "$(inherited) @executable_path/Frameworks";
				PRODUCT_NAME = "$(TARGET_NAME)";
			};
			name = Release;
		};
		60B1372D1B7BBDE70081A522 /* Debug */ = {
			isa = XCBuildConfiguration;
			buildSettings = {
				BUNDLE_LOADER = "$(TEST_HOST)";
				FRAMEWORK_SEARCH_PATHS = (
					"$(SDKROOT)/Developer/Library/Frameworks",
					"$(inherited)",
				);
				GCC_PREPROCESSOR_DEFINITIONS = (
					"DEBUG=1",
					"$(inherited)",
				);
				INFOPLIST_FILE = ArtsygramTests/Info.plist;
				LD_RUNPATH_SEARCH_PATHS = "$(inherited) @executable_path/Frameworks @loader_path/Frameworks";
				PRODUCT_NAME = "$(TARGET_NAME)";
				TEST_HOST = "$(BUILT_PRODUCTS_DIR)/Artsygram.app/Artsygram";
			};
			name = Debug;
		};
		60B1372E1B7BBDE70081A522 /* Release */ = {
			isa = XCBuildConfiguration;
			buildSettings = {
				BUNDLE_LOADER = "$(TEST_HOST)";
				FRAMEWORK_SEARCH_PATHS = (
					"$(SDKROOT)/Developer/Library/Frameworks",
					"$(inherited)",
				);
				INFOPLIST_FILE = ArtsygramTests/Info.plist;
				LD_RUNPATH_SEARCH_PATHS = "$(inherited) @executable_path/Frameworks @loader_path/Frameworks";
				PRODUCT_NAME = "$(TARGET_NAME)";
				TEST_HOST = "$(BUILT_PRODUCTS_DIR)/Artsygram.app/Artsygram";
			};
			name = Release;
		};
/* End XCBuildConfiguration section */

/* Begin XCConfigurationList section */
		60B137011B7BBDE70081A522 /* Build configuration list for PBXProject "Artsygram" */ = {
			isa = XCConfigurationList;
			buildConfigurations = (
				60B137271B7BBDE70081A522 /* Debug */,
				60B137281B7BBDE70081A522 /* Release */,
			);
			defaultConfigurationIsVisible = 0;
			defaultConfigurationName = Release;
		};
		60B137291B7BBDE70081A522 /* Build configuration list for PBXNativeTarget "Artsygram" */ = {
			isa = XCConfigurationList;
			buildConfigurations = (
				60B1372A1B7BBDE70081A522 /* Debug */,
				60B1372B1B7BBDE70081A522 /* Release */,
			);
			defaultConfigurationIsVisible = 0;
			defaultConfigurationName = Release;
		};
		60B1372C1B7BBDE70081A522 /* Build configuration list for PBXNativeTarget "ArtsygramTests" */ = {
			isa = XCConfigurationList;
			buildConfigurations = (
				60B1372D1B7BBDE70081A522 /* Debug */,
				60B1372E1B7BBDE70081A522 /* Release */,
			);
			defaultConfigurationIsVisible = 0;
			defaultConfigurationName = Release;
		};
/* End XCConfigurationList section */
	};
	rootObject = 60B136FE1B7BBDE70081A522 /* Project object */;
}
